
Microsoft Visual Studio Solution File, Format Version 12.00
# Visual Studio 14
VisualStudioVersion = 14.0.25420.1
MinimumVisualStudioVersion = 10.0.40219.1
Project("{FAE04EC0-301F-11D3-BF4B-00C04F79EFBC}") = "SocketStressTest", "SocketStressTest\SocketStressTest.csproj", "{B44D7D0A-C581-4981-8515-B5B446791FED}"
EndProject
Project("{FAE04EC0-301F-11D3-BF4B-00C04F79EFBC}") = "SocketStressTestTools", "SocketStressTestTools\SocketStressTestTools.csproj", "{F2F6CF86-CF94-40CC-A4E0-48230AC989B7}"
EndProject
Project("{FAE04EC0-301F-11D3-BF4B-00C04F79EFBC}") = "SocketServer.WinForm", "SocketServer.WinForm\SocketServer.WinForm.csproj", "{ED26CB42-B533-4823-872B-164FC0425905}"
EndProject
Project("{FAE04EC0-301F-11D3-BF4B-00C04F79EFBC}") = "SocketStressTest.Interface", "SocketStressTest.Interface\SocketStressTest.Interface.csproj", "{AEFCEBA4-0E8E-429D-AD10-4ACE3BF794FF}"
EndProject
Project("{FAE04EC0-301F-11D3-BF4B-00C04F79EFBC}") = "SocketServer", "SocketServer\SocketServer.csproj", "{2D636F35-8EC9-4002-8AF6-71CBE237C359}"
EndProject
Project("{FAE04EC0-301F-11D3-BF4B-00C04F79EFBC}") = "SocketServer.WPF", "SocketServer.WPF\SocketServer.WPF.csproj", "{88D46DA5-1E71-4EBF-8DC8-462C10C02183}"
EndProject
Global
	GlobalSection(SolutionConfigurationPlatforms) = preSolution
		Debug|Any CPU = Debug|Any CPU
		Debug|x64 = Debug|x64
		Release|Any CPU = Release|Any CPU
		Release|x64 = Release|x64
	EndGlobalSection
	GlobalSection(ProjectConfigurationPlatforms) = postSolution
		{B44D7D0A-C581-4981-8515-B5B446791FED}.Debug|Any CPU.ActiveCfg = Debug|Any CPU
		{B44D7D0A-C581-4981-8515-B5B446791FED}.Debug|Any CPU.Build.0 = Debug|Any CPU
		{B44D7D0A-C581-4981-8515-B5B446791FED}.Debug|x64.ActiveCfg = Debug|x64
		{B44D7D0A-C581-4981-8515-B5B446791FED}.Debug|x64.Build.0 = Debug|x64
		{B44D7D0A-C581-4981-8515-B5B446791FED}.Release|Any CPU.ActiveCfg = Release|Any CPU
		{B44D7D0A-C581-4981-8515-B5B446791FED}.Release|Any CPU.Build.0 = Release|Any CPU
		{B44D7D0A-C581-4981-8515-B5B446791FED}.Release|x64.ActiveCfg = Release|x64
		{B44D7D0A-C581-4981-8515-B5B446791FED}.Release|x64.Build.0 = Release|x64
		{F2F6CF86-CF94-40CC-A4E0-48230AC989B7}.Debug|Any CPU.ActiveCfg = Debug|Any CPU
		{F2F6CF86-CF94-40CC-A4E0-48230AC989B7}.Debug|Any CPU.Build.0 = Debug|Any CPU
		{F2F6CF86-CF94-40CC-A4E0-48230AC989B7}.Debug|x64.ActiveCfg = Debug|x64
		{F2F6CF86-CF94-40CC-A4E0-48230AC989B7}.Debug|x64.Build.0 = Debug|x64
		{F2F6CF86-CF94-40CC-A4E0-48230AC989B7}.Release|Any CPU.ActiveCfg = Release|Any CPU
		{F2F6CF86-CF94-40CC-A4E0-48230AC989B7}.Release|Any CPU.Build.0 = Release|Any CPU
		{F2F6CF86-CF94-40CC-A4E0-48230AC989B7}.Release|x64.ActiveCfg = Release|x64
		{F2F6CF86-CF94-40CC-A4E0-48230AC989B7}.Release|x64.Build.0 = Release|x64
		{ED26CB42-B533-4823-872B-164FC0425905}.Debug|Any CPU.ActiveCfg = Debug|Any CPU
		{ED26CB42-B533-4823-872B-164FC0425905}.Debug|Any CPU.Build.0 = Debug|Any CPU
		{ED26CB42-B533-4823-872B-164FC0425905}.Debug|x64.ActiveCfg = Debug|x64
		{ED26CB42-B533-4823-872B-164FC0425905}.Debug|x64.Build.0 = Debug|x64
		{ED26CB42-B533-4823-872B-164FC0425905}.Release|Any CPU.ActiveCfg = Release|Any CPU
		{ED26CB42-B533-4823-872B-164FC0425905}.Release|Any CPU.Build.0 = Release|Any CPU
		{ED26CB42-B533-4823-872B-164FC0425905}.Release|x64.ActiveCfg = Release|x64
		{ED26CB42-B533-4823-872B-164FC0425905}.Release|x64.Build.0 = Release|x64
		{AEFCEBA4-0E8E-429D-AD10-4ACE3BF794FF}.Debug|Any CPU.ActiveCfg = Debug|Any CPU
		{AEFCEBA4-0E8E-429D-AD10-4ACE3BF794FF}.Debug|Any CPU.Build.0 = Debug|Any CPU
		{AEFCEBA4-0E8E-429D-AD10-4ACE3BF794FF}.Debug|x64.ActiveCfg = Debug|x64
		{AEFCEBA4-0E8E-429D-AD10-4ACE3BF794FF}.Debug|x64.Build.0 = Debug|x64
		{AEFCEBA4-0E8E-429D-AD10-4ACE3BF794FF}.Release|Any CPU.ActiveCfg = Release|Any CPU
		{AEFCEBA4-0E8E-429D-AD10-4ACE3BF794FF}.Release|Any CPU.Build.0 = Release|Any CPU
		{AEFCEBA4-0E8E-429D-AD10-4ACE3BF794FF}.Release|x64.ActiveCfg = Release|x64
		{AEFCEBA4-0E8E-429D-AD10-4ACE3BF794FF}.Release|x64.Build.0 = Release|x64
		{2D636F35-8EC9-4002-8AF6-71CBE237C359}.Debug|Any CPU.ActiveCfg = Debug|Any CPU
		{2D636F35-8EC9-4002-8AF6-71CBE237C359}.Debug|Any CPU.Build.0 = Debug|Any CPU
		{2D636F35-8EC9-4002-8AF6-71CBE237C359}.Debug|x64.ActiveCfg = Debug|x64
		{2D636F35-8EC9-4002-8AF6-71CBE237C359}.Debug|x64.Build.0 = Debug|x64
		{2D636F35-8EC9-4002-8AF6-71CBE237C359}.Release|Any CPU.ActiveCfg = Release|Any CPU
		{2D636F35-8EC9-4002-8AF6-71CBE237C359}.Release|Any CPU.Build.0 = Release|Any CPU
		{2D636F35-8EC9-4002-8AF6-71CBE237C359}.Release|x64.ActiveCfg = Release|x64
		{2D636F35-8EC9-4002-8AF6-71CBE237C359}.Release|x64.Build.0 = Release|x64
		{88D46DA5-1E71-4EBF-8DC8-462C10C02183}.Debug|Any CPU.ActiveCfg = Debug|Any CPU
		{88D46DA5-1E71-4EBF-8DC8-462C10C02183}.Debug|Any CPU.Build.0 = Debug|Any CPU
		{88D46DA5-1E71-4EBF-8DC8-462C10C02183}.Debug|x64.ActiveCfg = Debug|x64
		{88D46DA5-1E71-4EBF-8DC8-462C10C02183}.Debug|x64.Build.0 = Debug|x64
		{88D46DA5-1E71-4EBF-8DC8-462C10C02183}.Release|Any CPU.ActiveCfg = Release|Any CPU
		{88D46DA5-1E71-4EBF-8DC8-462C10C02183}.Release|Any CPU.Build.0 = Release|Any CPU
		{88D46DA5-1E71-4EBF-8DC8-462C10C02183}.Release|x64.ActiveCfg = Release|x64
		{88D46DA5-1E71-4EBF-8DC8-462C10C02183}.Release|x64.Build.0 = Release|x64
	EndGlobalSection
	GlobalSection(SolutionProperties) = preSolution
		HideSolutionNode = FALSE
	EndGlobalSection
EndGlobal
