
Microsoft Visual Studio Solution File, Format Version 12.00
# Visual Studio 14
VisualStudioVersion = 14.0.25420.1
MinimumVisualStudioVersion = 10.0.40219.1
Project("{FAE04EC0-301F-11D3-BF4B-00C04F79EFBC}") = "SocketStressTest", "SocketStressTest\SocketStressTest.csproj", "{B44D7D0A-C581-4981-8515-B5B446791FED}"
EndProject
Project("{FAE04EC0-301F-11D3-BF4B-00C04F79EFBC}") = "SocketStressTestTools", "SocketStressTestTools\SocketStressTestTools.csproj", "{F2F6CF86-CF94-40CC-A4E0-48230AC989B7}"
EndProject
Global
	GlobalSection(SolutionConfigurationPlatforms) = preSolution
		Debug|Any CPU = Debug|Any CPU
		Release|Any CPU = Release|Any CPU
	EndGlobalSection
	GlobalSection(ProjectConfigurationPlatforms) = postSolution
		{B44D7D0A-C581-4981-8515-B5B446791FED}.Debug|Any CPU.ActiveCfg = Debug|Any CPU
		{B44D7D0A-C581-4981-8515-B5B446791FED}.Debug|Any CPU.Build.0 = Debug|Any CPU
		{B44D7D0A-C581-4981-8515-B5B446791FED}.Release|Any CPU.ActiveCfg = Release|Any CPU
		{B44D7D0A-C581-4981-8515-B5B446791FED}.Release|Any CPU.Build.0 = Release|Any CPU
		{F2F6CF86-CF94-40CC-A4E0-48230AC989B7}.Debug|Any CPU.ActiveCfg = Debug|Any CPU
		{F2F6CF86-CF94-40CC-A4E0-48230AC989B7}.Debug|Any CPU.Build.0 = Debug|Any CPU
		{F2F6CF86-CF94-40CC-A4E0-48230AC989B7}.Release|Any CPU.ActiveCfg = Release|Any CPU
		{F2F6CF86-CF94-40CC-A4E0-48230AC989B7}.Release|Any CPU.Build.0 = Release|Any CPU
	EndGlobalSection
	GlobalSection(SolutionProperties) = preSolution
		HideSolutionNode = FALSE
	EndGlobalSection
EndGlobal
